
Microsoft Visual Studio Solution File, Format Version 12.00
# Visual Studio 15
VisualStudioVersion = 15.0.27004.2010
MinimumVisualStudioVersion = 10.0.40219.1
Project("{8BC9CEB8-8B4A-11D0-8D11-00A0C91BC942}") = "GLExercise01", "GLExercise01\GLExercise01.vcxproj", "{9E797569-FB63-49D8-951A-08EA54C1BAC6}"
EndProject
Global
	GlobalSection(SolutionConfigurationPlatforms) = preSolution
		Debug|x64 = Debug|x64
		Debug|x86 = Debug|x86
		Release|x64 = Release|x64
		Release|x86 = Release|x86
	EndGlobalSection
	GlobalSection(ProjectConfigurationPlatforms) = postSolution
		{9E797569-FB63-49D8-951A-08EA54C1BAC6}.Debug|x64.ActiveCfg = Debug|x64
		{9E797569-FB63-49D8-951A-08EA54C1BAC6}.Debug|x64.Build.0 = Debug|x64
		{9E797569-FB63-49D8-951A-08EA54C1BAC6}.Debug|x86.ActiveCfg = Debug|Win32
		{9E797569-FB63-49D8-951A-08EA54C1BAC6}.Debug|x86.Build.0 = Debug|Win32
		{9E797569-FB63-49D8-951A-08EA54C1BAC6}.Release|x64.ActiveCfg = Release|x64
		{9E797569-FB63-49D8-951A-08EA54C1BAC6}.Release|x64.Build.0 = Release|x64
		{9E797569-FB63-49D8-951A-08EA54C1BAC6}.Release|x86.ActiveCfg = Release|Win32
		{9E797569-FB63-49D8-951A-08EA54C1BAC6}.Release|x86.Build.0 = Release|Win32
	EndGlobalSection
	GlobalSection(SolutionProperties) = preSolution
		HideSolutionNode = FALSE
	EndGlobalSection
	GlobalSection(ExtensibilityGlobals) = postSolution
		SolutionGuid = {7C80B239-55C7-46CE-A4F0-AFA18B8666FE}
	EndGlobalSection
EndGlobal
